
Microsoft Visual Studio Solution File, Format Version 12.00
# Visual Studio 2013
VisualStudioVersion = 12.0.31101.0
MinimumVisualStudioVersion = 10.0.40219.1
Project("{FAE04EC0-301F-11D3-BF4B-00C04F79EFBC}") = "ContosoUniversity", "ContosoUniversity\ContosoUniversity.csproj", "{E520630F-5126-4804-BF34-62D832EEADF2}"
EndProject
Project("{FAE04EC0-301F-11D3-BF4B-00C04F79EFBC}") = "ContosoUniversity.Tests", "ContosoUniversity.Tests\ContosoUniversity.Tests.csproj", "{850615E7-DE93-4E76-A77E-7648F716877B}"
EndProject
Global
	GlobalSection(SolutionConfigurationPlatforms) = preSolution
		Debug|Any CPU = Debug|Any CPU
		Release|Any CPU = Release|Any CPU
	EndGlobalSection
	GlobalSection(ProjectConfigurationPlatforms) = postSolution
		{E520630F-5126-4804-BF34-62D832EEADF2}.Debug|Any CPU.ActiveCfg = Debug|Any CPU
		{E520630F-5126-4804-BF34-62D832EEADF2}.Debug|Any CPU.Build.0 = Debug|Any CPU
		{E520630F-5126-4804-BF34-62D832EEADF2}.Release|Any CPU.ActiveCfg = Release|Any CPU
		{E520630F-5126-4804-BF34-62D832EEADF2}.Release|Any CPU.Build.0 = Release|Any CPU
		{850615E7-DE93-4E76-A77E-7648F716877B}.Debug|Any CPU.ActiveCfg = Debug|Any CPU
		{850615E7-DE93-4E76-A77E-7648F716877B}.Debug|Any CPU.Build.0 = Debug|Any CPU
		{850615E7-DE93-4E76-A77E-7648F716877B}.Release|Any CPU.ActiveCfg = Release|Any CPU
		{850615E7-DE93-4E76-A77E-7648F716877B}.Release|Any CPU.Build.0 = Release|Any CPU
	EndGlobalSection
	GlobalSection(SolutionProperties) = preSolution
		HideSolutionNode = FALSE
	EndGlobalSection
EndGlobal
